
Microsoft Visual Studio Solution File, Format Version 12.00
# Visual Studio Version 16
VisualStudioVersion = 16.0.30114.105
MinimumVisualStudioVersion = 10.0.40219.1
Project("{FAE04EC0-301F-11D3-BF4B-00C04F79EFBC}") = "ServerCodeExciser", "ServerCodeExciser\ServerCodeExciser.csproj", "{6E4116C9-9BEB-4FBA-B035-D91555E2C981}"
EndProject
Project("{FAE04EC0-301F-11D3-BF4B-00C04F79EFBC}") = "ServerCodeExciserTest", "ServerCodeExciserTest\ServerCodeExciserTest.csproj", "{6E4116C9-9BEB-4FBA-B035-D91555E2C982}"
EndProject
Project("{FAE04EC0-301F-11D3-BF4B-00C04F79EFBC}") = "ServerCodeExcisionCommon", "ServerCodeExcisionCommon\ServerCodeExcisionCommon.csproj", "{6E4116C9-9BEB-4FBA-B035-D91555E2C983}"
EndProject
Project("{FAE04EC0-301F-11D3-BF4B-00C04F79EFBC}") = "UnrealAngelscriptParser", "UnrealAngelscriptParser\UnrealAngelscriptParser.csproj", "{6E4116C9-9BEB-4FBA-B035-D91555E2C984}"
EndProject
Project("{FAE04EC0-301F-11D3-BF4B-00C04F79EFBC}") = "UnrealAngelscriptServerCodeExcision", "UnrealAngelscriptServerCodeExcision\UnrealAngelscriptServerCodeExcision.csproj", "{6E4116C9-9BEB-4FBA-B035-D91555E2C985}"
EndProject
Global
	GlobalSection(SolutionConfigurationPlatforms) = preSolution
		Debug|Any CPU = Debug|Any CPU
		Release|Any CPU = Release|Any CPU
	EndGlobalSection
	GlobalSection(SolutionProperties) = preSolution
		HideSolutionNode = FALSE
	EndGlobalSection
	GlobalSection(ProjectConfigurationPlatforms) = postSolution
		{6E4116C9-9BEB-4FBA-B035-D91555E2C981}.Debug|Any CPU.ActiveCfg = Debug|Any CPU
		{6E4116C9-9BEB-4FBA-B035-D91555E2C981}.Debug|Any CPU.Build.0 = Debug|Any CPU
		{6E4116C9-9BEB-4FBA-B035-D91555E2C981}.Release|Any CPU.ActiveCfg = Release|Any CPU
		{6E4116C9-9BEB-4FBA-B035-D91555E2C981}.Release|Any CPU.Build.0 = Release|Any CPU
		{6E4116C9-9BEB-4FBA-B035-D91555E2C982}.Debug|Any CPU.ActiveCfg = Debug|Any CPU
		{6E4116C9-9BEB-4FBA-B035-D91555E2C982}.Debug|Any CPU.Build.0 = Debug|Any CPU
		{6E4116C9-9BEB-4FBA-B035-D91555E2C982}.Release|Any CPU.ActiveCfg = Release|Any CPU
		{6E4116C9-9BEB-4FBA-B035-D91555E2C982}.Release|Any CPU.Build.0 = Release|Any CPU
	EndGlobalSection
EndGlobal
